
Microsoft Visual Studio Solution File, Format Version 12.00
# Visual Studio 15
Project("{FAE04EC0-301F-11D3-BF4B-00C04F79EFBC}") = "Assembly-CSharp", "Assembly-CSharp.csproj", "{4F85B748-327C-5606-28EF-2CB0BB6FE658}"
EndProject
Project("{FAE04EC0-301F-11D3-BF4B-00C04F79EFBC}") = "NavMeshComponents", "NavMeshComponents.csproj", "{2AD98DBD-68FA-C476-F240-82293B04A8C6}"
EndProject
Project("{FAE04EC0-301F-11D3-BF4B-00C04F79EFBC}") = "NavMeshComponentsEditor", "NavMeshComponentsEditor.csproj", "{C989947E-5BE8-4F55-1422-6FD96210520B}"
EndProject
Global
	GlobalSection(SolutionConfigurationPlatforms) = preSolution
		Debug|Any CPU = Debug|Any CPU
		Release|Any CPU = Release|Any CPU
	EndGlobalSection
	GlobalSection(ProjectConfigurationPlatforms) = postSolution
		{4F85B748-327C-5606-28EF-2CB0BB6FE658}.Debug|Any CPU.ActiveCfg = Debug|Any CPU
		{4F85B748-327C-5606-28EF-2CB0BB6FE658}.Debug|Any CPU.Build.0 = Debug|Any CPU
		{4F85B748-327C-5606-28EF-2CB0BB6FE658}.Release|Any CPU.ActiveCfg = Release|Any CPU
		{4F85B748-327C-5606-28EF-2CB0BB6FE658}.Release|Any CPU.Build.0 = Release|Any CPU
		{2AD98DBD-68FA-C476-F240-82293B04A8C6}.Debug|Any CPU.ActiveCfg = Debug|Any CPU
		{2AD98DBD-68FA-C476-F240-82293B04A8C6}.Debug|Any CPU.Build.0 = Debug|Any CPU
		{2AD98DBD-68FA-C476-F240-82293B04A8C6}.Release|Any CPU.ActiveCfg = Release|Any CPU
		{2AD98DBD-68FA-C476-F240-82293B04A8C6}.Release|Any CPU.Build.0 = Release|Any CPU
		{C989947E-5BE8-4F55-1422-6FD96210520B}.Debug|Any CPU.ActiveCfg = Debug|Any CPU
		{C989947E-5BE8-4F55-1422-6FD96210520B}.Debug|Any CPU.Build.0 = Debug|Any CPU
		{C989947E-5BE8-4F55-1422-6FD96210520B}.Release|Any CPU.ActiveCfg = Release|Any CPU
		{C989947E-5BE8-4F55-1422-6FD96210520B}.Release|Any CPU.Build.0 = Release|Any CPU
	EndGlobalSection
	GlobalSection(SolutionProperties) = preSolution
		HideSolutionNode = FALSE
	EndGlobalSection
EndGlobal
